
Microsoft Visual Studio Solution File, Format Version 12.00
# Visual Studio Version 16
VisualStudioVersion = 16.0.31424.327
MinimumVisualStudioVersion = 10.0.40219.1
Project("{9A19103F-16F7-4668-BE54-9A1E7A4F7556}") = "blazorui", "blazorui\blazorui.csproj", "{D9CCE19A-A3DD-4DFF-8588-372FB9CA5F3E}"
EndProject
Project("{2150E333-8FDC-42A3-9474-1A3956D46DE8}") = "docs", "docs", "{4A0F6DD7-AD3B-467C-9588-52BC0AB0AA9D}"
	ProjectSection(SolutionItems) = preProject
		.gitignore = .gitignore
		README.md = README.md
	EndProjectSection
EndProject
Global
	GlobalSection(SolutionConfigurationPlatforms) = preSolution
		Debug|Any CPU = Debug|Any CPU
		Release|Any CPU = Release|Any CPU
	EndGlobalSection
	GlobalSection(ProjectConfigurationPlatforms) = postSolution
		{D9CCE19A-A3DD-4DFF-8588-372FB9CA5F3E}.Debug|Any CPU.ActiveCfg = Debug|Any CPU
		{D9CCE19A-A3DD-4DFF-8588-372FB9CA5F3E}.Debug|Any CPU.Build.0 = Debug|Any CPU
		{D9CCE19A-A3DD-4DFF-8588-372FB9CA5F3E}.Release|Any CPU.ActiveCfg = Release|Any CPU
		{D9CCE19A-A3DD-4DFF-8588-372FB9CA5F3E}.Release|Any CPU.Build.0 = Release|Any CPU
	EndGlobalSection
	GlobalSection(SolutionProperties) = preSolution
		HideSolutionNode = FALSE
	EndGlobalSection
	GlobalSection(ExtensibilityGlobals) = postSolution
		SolutionGuid = {2A9AF6D5-8250-4F2E-A51A-04B0202CF79F}
	EndGlobalSection
EndGlobal
